
Microsoft Visual Studio Solution File, Format Version 12.00
# Visual Studio 15
VisualStudioVersion = 15.0.27428.2037
MinimumVisualStudioVersion = 10.0.40219.1
Project("{FAE04EC0-301F-11D3-BF4B-00C04F79EFBC}") = "ZSJCMaster", "ZSJCMaster\ZSJCMaster.csproj", "{C0C60B40-C1A0-4A96-A5D9-DEE0B7E0FE7E}"
EndProject
Project("{FAE04EC0-301F-11D3-BF4B-00C04F79EFBC}") = "RemoteDesktopDemo", "RemoteDesktopDemo\RemoteDesktopDemo.csproj", "{58F4046A-5BA1-4F5F-80AA-3FD868376235}"
EndProject
Global
	GlobalSection(SolutionConfigurationPlatforms) = preSolution
		Debug|Any CPU = Debug|Any CPU
		Release|Any CPU = Release|Any CPU
	EndGlobalSection
	GlobalSection(ProjectConfigurationPlatforms) = postSolution
		{C0C60B40-C1A0-4A96-A5D9-DEE0B7E0FE7E}.Debug|Any CPU.ActiveCfg = Debug|Any CPU
		{C0C60B40-C1A0-4A96-A5D9-DEE0B7E0FE7E}.Debug|Any CPU.Build.0 = Debug|Any CPU
		{C0C60B40-C1A0-4A96-A5D9-DEE0B7E0FE7E}.Release|Any CPU.ActiveCfg = Release|Any CPU
		{C0C60B40-C1A0-4A96-A5D9-DEE0B7E0FE7E}.Release|Any CPU.Build.0 = Release|Any CPU
		{58F4046A-5BA1-4F5F-80AA-3FD868376235}.Debug|Any CPU.ActiveCfg = Debug|Any CPU
		{58F4046A-5BA1-4F5F-80AA-3FD868376235}.Debug|Any CPU.Build.0 = Debug|Any CPU
		{58F4046A-5BA1-4F5F-80AA-3FD868376235}.Release|Any CPU.ActiveCfg = Release|Any CPU
		{58F4046A-5BA1-4F5F-80AA-3FD868376235}.Release|Any CPU.Build.0 = Release|Any CPU
	EndGlobalSection
	GlobalSection(SolutionProperties) = preSolution
		HideSolutionNode = FALSE
	EndGlobalSection
	GlobalSection(ExtensibilityGlobals) = postSolution
		SolutionGuid = {74DD1608-3A1C-4D3D-BDBE-45D7271A296A}
	EndGlobalSection
EndGlobal
